
Microsoft Visual Studio Solution File, Format Version 12.00
# Visual Studio Version 17
VisualStudioVersion = 17.9.34728.123
MinimumVisualStudioVersion = 10.0.40219.1
Project("{9A19103F-16F7-4668-BE54-9A1E7A4F7556}") = "Domain", "Domain\Domain.csproj", "{E3B116E0-3530-4EF0-B425-A5B5CFC779BA}"
EndProject
Project("{9A19103F-16F7-4668-BE54-9A1E7A4F7556}") = "Contracts", "Contracts\Contracts.csproj", "{D2A7794C-D00D-474E-AE9F-F405B0497CB1}"
EndProject
Project("{9A19103F-16F7-4668-BE54-9A1E7A4F7556}") = "Application", "Application\Application.csproj", "{5BD2D10E-636A-4C75-9B1C-775BE58F559E}"
EndProject
Project("{9A19103F-16F7-4668-BE54-9A1E7A4F7556}") = "Infrastructure", "Infrastructure\Infrastructure.csproj", "{FFC785CD-13CD-4FBB-B5D7-94015C7A55ED}"
EndProject
Project("{FAE04EC0-301F-11D3-BF4B-00C04F79EFBC}") = "Web.API", "Web.API\Web.API.csproj", "{ACB680F0-FDE6-43A6-935C-4765F5B94195}"
EndProject
Global
	GlobalSection(SolutionConfigurationPlatforms) = preSolution
		Debug|Any CPU = Debug|Any CPU
		Release|Any CPU = Release|Any CPU
	EndGlobalSection
	GlobalSection(ProjectConfigurationPlatforms) = postSolution
		{E3B116E0-3530-4EF0-B425-A5B5CFC779BA}.Debug|Any CPU.ActiveCfg = Debug|Any CPU
		{E3B116E0-3530-4EF0-B425-A5B5CFC779BA}.Debug|Any CPU.Build.0 = Debug|Any CPU
		{E3B116E0-3530-4EF0-B425-A5B5CFC779BA}.Release|Any CPU.ActiveCfg = Release|Any CPU
		{E3B116E0-3530-4EF0-B425-A5B5CFC779BA}.Release|Any CPU.Build.0 = Release|Any CPU
		{D2A7794C-D00D-474E-AE9F-F405B0497CB1}.Debug|Any CPU.ActiveCfg = Debug|Any CPU
		{D2A7794C-D00D-474E-AE9F-F405B0497CB1}.Debug|Any CPU.Build.0 = Debug|Any CPU
		{D2A7794C-D00D-474E-AE9F-F405B0497CB1}.Release|Any CPU.ActiveCfg = Release|Any CPU
		{D2A7794C-D00D-474E-AE9F-F405B0497CB1}.Release|Any CPU.Build.0 = Release|Any CPU
		{5BD2D10E-636A-4C75-9B1C-775BE58F559E}.Debug|Any CPU.ActiveCfg = Debug|Any CPU
		{5BD2D10E-636A-4C75-9B1C-775BE58F559E}.Debug|Any CPU.Build.0 = Debug|Any CPU
		{5BD2D10E-636A-4C75-9B1C-775BE58F559E}.Release|Any CPU.ActiveCfg = Release|Any CPU
		{5BD2D10E-636A-4C75-9B1C-775BE58F559E}.Release|Any CPU.Build.0 = Release|Any CPU
		{FFC785CD-13CD-4FBB-B5D7-94015C7A55ED}.Debug|Any CPU.ActiveCfg = Debug|Any CPU
		{FFC785CD-13CD-4FBB-B5D7-94015C7A55ED}.Debug|Any CPU.Build.0 = Debug|Any CPU
		{FFC785CD-13CD-4FBB-B5D7-94015C7A55ED}.Release|Any CPU.ActiveCfg = Release|Any CPU
		{FFC785CD-13CD-4FBB-B5D7-94015C7A55ED}.Release|Any CPU.Build.0 = Release|Any CPU
		{ACB680F0-FDE6-43A6-935C-4765F5B94195}.Debug|Any CPU.ActiveCfg = Debug|Any CPU
		{ACB680F0-FDE6-43A6-935C-4765F5B94195}.Debug|Any CPU.Build.0 = Debug|Any CPU
		{ACB680F0-FDE6-43A6-935C-4765F5B94195}.Release|Any CPU.ActiveCfg = Release|Any CPU
		{ACB680F0-FDE6-43A6-935C-4765F5B94195}.Release|Any CPU.Build.0 = Release|Any CPU
	EndGlobalSection
	GlobalSection(SolutionProperties) = preSolution
		HideSolutionNode = FALSE
	EndGlobalSection
	GlobalSection(ExtensibilityGlobals) = postSolution
		SolutionGuid = {E3BF87FE-FA17-44A4-B742-BFC227237EFF}
	EndGlobalSection
EndGlobal
